
Microsoft Visual Studio Solution File, Format Version 12.00
# Visual Studio Version 18
VisualStudioVersion = 18.6.11806.211 stable
MinimumVisualStudioVersion = 10.0.40219.1
Project("{FAE04EC0-301F-11D3-BF4B-00C04F79EFBC}") = "ScriptLauncher", "ScriptLauncher\ScriptLauncher.csproj", "{8A8D2384-9D0A-40C9-93F1-862724BA687F}"
EndProject
Project("{2150E333-8FDC-42A3-9474-1A3956D46DE8}") = "tests", "tests", "{213B003D-FD6C-4F4E-A398-34A082C84E2B}"
EndProject
Project("{FAE04EC0-301F-11D3-BF4B-00C04F79EFBC}") = "ScriptLauncher.Tests", "tests\ScriptLauncher.Tests\ScriptLauncher.Tests.csproj", "{20F68995-016C-AF86-9E06-62D173C39F53}"
EndProject
Global
	GlobalSection(SolutionConfigurationPlatforms) = preSolution
		Debug|Any CPU = Debug|Any CPU
		Release|Any CPU = Release|Any CPU
	EndGlobalSection
	GlobalSection(ProjectConfigurationPlatforms) = postSolution
		{8A8D2384-9D0A-40C9-93F1-862724BA687F}.Debug|Any CPU.ActiveCfg = Debug|Any CPU
		{8A8D2384-9D0A-40C9-93F1-862724BA687F}.Debug|Any CPU.Build.0 = Debug|Any CPU
		{8A8D2384-9D0A-40C9-93F1-862724BA687F}.Release|Any CPU.ActiveCfg = Release|Any CPU
		{8A8D2384-9D0A-40C9-93F1-862724BA687F}.Release|Any CPU.Build.0 = Release|Any CPU
		{20F68995-016C-AF86-9E06-62D173C39F53}.Debug|Any CPU.ActiveCfg = Debug|Any CPU
		{20F68995-016C-AF86-9E06-62D173C39F53}.Debug|Any CPU.Build.0 = Debug|Any CPU
		{20F68995-016C-AF86-9E06-62D173C39F53}.Release|Any CPU.ActiveCfg = Release|Any CPU
		{20F68995-016C-AF86-9E06-62D173C39F53}.Release|Any CPU.Build.0 = Release|Any CPU
	EndGlobalSection
	GlobalSection(SolutionProperties) = preSolution
		HideSolutionNode = FALSE
	EndGlobalSection
	GlobalSection(NestedProjects) = preSolution
		{20F68995-016C-AF86-9E06-62D173C39F53} = {213B003D-FD6C-4F4E-A398-34A082C84E2B}
	EndGlobalSection
EndGlobal
